
Microsoft Visual Studio Solution File, Format Version 12.00
# Visual Studio Version 17
VisualStudioVersion = 17.1.32414.318
MinimumVisualStudioVersion = 10.0.40219.1
Project("{FAE04EC0-301F-11D3-BF4B-00C04F79EFBC}") = "IdentityApp", "IdentityApp.csproj", "{558B17F6-81AB-48E9-879B-A430BC1FA47E}"
EndProject
Global
	GlobalSection(SolutionConfigurationPlatforms) = preSolution
		Debug|Any CPU = Debug|Any CPU
		Release|Any CPU = Release|Any CPU
	EndGlobalSection
	GlobalSection(ProjectConfigurationPlatforms) = postSolution
		{558B17F6-81AB-48E9-879B-A430BC1FA47E}.Debug|Any CPU.ActiveCfg = Debug|Any CPU
		{558B17F6-81AB-48E9-879B-A430BC1FA47E}.Debug|Any CPU.Build.0 = Debug|Any CPU
		{558B17F6-81AB-48E9-879B-A430BC1FA47E}.Release|Any CPU.ActiveCfg = Release|Any CPU
		{558B17F6-81AB-48E9-879B-A430BC1FA47E}.Release|Any CPU.Build.0 = Release|Any CPU
	EndGlobalSection
	GlobalSection(SolutionProperties) = preSolution
		HideSolutionNode = FALSE
	EndGlobalSection
	GlobalSection(ExtensibilityGlobals) = postSolution
		SolutionGuid = {350F52A0-71D4-4E2F-8FAE-ACD50B7700CE}
	EndGlobalSection
EndGlobal
